
Microsoft Visual Studio Solution File, Format Version 12.00
# Visual Studio Version 16
VisualStudioVersion = 16.0.30711.63
MinimumVisualStudioVersion = 10.0.40219.1
Project("{9A19103F-16F7-4668-BE54-9A1E7A4F7556}") = "VisCPU", "VisCPU\VisCPU.csproj", "{4E481606-52B3-4501-B8BF-3042734C754E}"
EndProject
Project("{9A19103F-16F7-4668-BE54-9A1E7A4F7556}") = "VisCPU.Instructions", "VisCPU.Instructions\VisCPU.Instructions.csproj", "{2629BAF9-AC30-4BF5-86D5-D5E15921458C}"
EndProject
Project("{9A19103F-16F7-4668-BE54-9A1E7A4F7556}") = "VisCPU.Peripherals", "VisCPU.Peripherals\VisCPU.Peripherals.csproj", "{0F179E9D-CE70-460E-8DBC-5C5F7B5ED3C4}"
EndProject
Project("{9A19103F-16F7-4668-BE54-9A1E7A4F7556}") = "VisCPU.Utility", "VisCPU.Utility\VisCPU.Utility.csproj", "{E9B7FF1B-57CD-4CD6-AD1C-1428800C7381}"
EndProject
Project("{9A19103F-16F7-4668-BE54-9A1E7A4F7556}") = "VisCPU.Compiler", "VisCPU.Compiler\VisCPU.Compiler.csproj", "{894083BE-DDD4-4ACD-8AEA-4A6A1DF38232}"
EndProject
Project("{9A19103F-16F7-4668-BE54-9A1E7A4F7556}") = "VisCPU.Tests", "VisCPU.Tests\VisCPU.Tests.csproj", "{33DE247D-E74D-472F-8673-CF23CB4A4408}"
EndProject
Project("{9A19103F-16F7-4668-BE54-9A1E7A4F7556}") = "VisCPU.Console", "VisCPU.Console\VisCPU.Console.csproj", "{6973AED8-3DF3-4CC0-87B9-918423555A07}"
EndProject
Project("{9A19103F-16F7-4668-BE54-9A1E7A4F7556}") = "VisCPU.HL", "VisCPU.HL\VisCPU.HL.csproj", "{CD1A7262-63F6-42F2-9EA9-4E20CCE4158E}"
EndProject
Project("{9A19103F-16F7-4668-BE54-9A1E7A4F7556}") = "VisCPU.Console.Core", "VisCPU.Console.Core\VisCPU.Console.Core.csproj", "{09EBACAB-1814-4BE5-A7B2-C1CE9932D055}"
EndProject
Project("{9A19103F-16F7-4668-BE54-9A1E7A4F7556}") = "VisCPU.ProjectSystem", "VisCPU.ProjectSystem\VisCPU.ProjectSystem.csproj", "{6038B035-9338-46BC-946E-F7E20291B31B}"
EndProject
Project("{9A19103F-16F7-4668-BE54-9A1E7A4F7556}") = "VisCPU.ILCompiler", "VisCPU.ILCompiler\VisCPU.ILCompiler.csproj", "{8BD8F27D-F0E1-4493-BD6C-067FFF64A7AB}"
EndProject
Project("{9A19103F-16F7-4668-BE54-9A1E7A4F7556}") = "VisCPU.Extensions", "VisCPU.Extensions\VisCPU.Extensions.csproj", "{B6066B4B-93C6-4A1D-81ED-B8288C3C5D9A}"
EndProject
Project("{9A19103F-16F7-4668-BE54-9A1E7A4F7556}") = "VisCPU.HL.Integration", "VisCPU.HL.Integration\VisCPU.HL.Integration.csproj", "{CEE11629-DEC0-42AD-AAB3-5DE79A7C76CA}"
EndProject
Project("{9A19103F-16F7-4668-BE54-9A1E7A4F7556}") = "VisCPU.Dynamic", "VisCPU.Dynamic\VisCPU.Dynamic.csproj", "{F6BF1E34-857F-4687-9143-EDE6174E1C34}"
EndProject
Global
	GlobalSection(SolutionConfigurationPlatforms) = preSolution
		Debug|Any CPU = Debug|Any CPU
		Release|Any CPU = Release|Any CPU
	EndGlobalSection
	GlobalSection(ProjectConfigurationPlatforms) = postSolution
		{4E481606-52B3-4501-B8BF-3042734C754E}.Debug|Any CPU.ActiveCfg = Debug|Any CPU
		{4E481606-52B3-4501-B8BF-3042734C754E}.Debug|Any CPU.Build.0 = Debug|Any CPU
		{4E481606-52B3-4501-B8BF-3042734C754E}.Release|Any CPU.ActiveCfg = Release|Any CPU
		{4E481606-52B3-4501-B8BF-3042734C754E}.Release|Any CPU.Build.0 = Release|Any CPU
		{2629BAF9-AC30-4BF5-86D5-D5E15921458C}.Debug|Any CPU.ActiveCfg = Debug|Any CPU
		{2629BAF9-AC30-4BF5-86D5-D5E15921458C}.Debug|Any CPU.Build.0 = Debug|Any CPU
		{2629BAF9-AC30-4BF5-86D5-D5E15921458C}.Release|Any CPU.ActiveCfg = Release|Any CPU
		{2629BAF9-AC30-4BF5-86D5-D5E15921458C}.Release|Any CPU.Build.0 = Release|Any CPU
		{0F179E9D-CE70-460E-8DBC-5C5F7B5ED3C4}.Debug|Any CPU.ActiveCfg = Debug|Any CPU
		{0F179E9D-CE70-460E-8DBC-5C5F7B5ED3C4}.Debug|Any CPU.Build.0 = Debug|Any CPU
		{0F179E9D-CE70-460E-8DBC-5C5F7B5ED3C4}.Release|Any CPU.ActiveCfg = Release|Any CPU
		{0F179E9D-CE70-460E-8DBC-5C5F7B5ED3C4}.Release|Any CPU.Build.0 = Release|Any CPU
		{E9B7FF1B-57CD-4CD6-AD1C-1428800C7381}.Debug|Any CPU.ActiveCfg = Debug|Any CPU
		{E9B7FF1B-57CD-4CD6-AD1C-1428800C7381}.Debug|Any CPU.Build.0 = Debug|Any CPU
		{E9B7FF1B-57CD-4CD6-AD1C-1428800C7381}.Release|Any CPU.ActiveCfg = Release|Any CPU
		{E9B7FF1B-57CD-4CD6-AD1C-1428800C7381}.Release|Any CPU.Build.0 = Release|Any CPU
		{894083BE-DDD4-4ACD-8AEA-4A6A1DF38232}.Debug|Any CPU.ActiveCfg = Debug|Any CPU
		{894083BE-DDD4-4ACD-8AEA-4A6A1DF38232}.Debug|Any CPU.Build.0 = Debug|Any CPU
		{894083BE-DDD4-4ACD-8AEA-4A6A1DF38232}.Release|Any CPU.ActiveCfg = Release|Any CPU
		{894083BE-DDD4-4ACD-8AEA-4A6A1DF38232}.Release|Any CPU.Build.0 = Release|Any CPU
		{33DE247D-E74D-472F-8673-CF23CB4A4408}.Debug|Any CPU.ActiveCfg = Debug|Any CPU
		{33DE247D-E74D-472F-8673-CF23CB4A4408}.Debug|Any CPU.Build.0 = Debug|Any CPU
		{33DE247D-E74D-472F-8673-CF23CB4A4408}.Release|Any CPU.ActiveCfg = Release|Any CPU
		{33DE247D-E74D-472F-8673-CF23CB4A4408}.Release|Any CPU.Build.0 = Release|Any CPU
		{6973AED8-3DF3-4CC0-87B9-918423555A07}.Debug|Any CPU.ActiveCfg = Debug|Any CPU
		{6973AED8-3DF3-4CC0-87B9-918423555A07}.Debug|Any CPU.Build.0 = Debug|Any CPU
		{6973AED8-3DF3-4CC0-87B9-918423555A07}.Release|Any CPU.ActiveCfg = Release|Any CPU
		{6973AED8-3DF3-4CC0-87B9-918423555A07}.Release|Any CPU.Build.0 = Release|Any CPU
		{CD1A7262-63F6-42F2-9EA9-4E20CCE4158E}.Debug|Any CPU.ActiveCfg = Debug|Any CPU
		{CD1A7262-63F6-42F2-9EA9-4E20CCE4158E}.Debug|Any CPU.Build.0 = Debug|Any CPU
		{CD1A7262-63F6-42F2-9EA9-4E20CCE4158E}.Release|Any CPU.ActiveCfg = Release|Any CPU
		{CD1A7262-63F6-42F2-9EA9-4E20CCE4158E}.Release|Any CPU.Build.0 = Release|Any CPU
		{09EBACAB-1814-4BE5-A7B2-C1CE9932D055}.Debug|Any CPU.ActiveCfg = Debug|Any CPU
		{09EBACAB-1814-4BE5-A7B2-C1CE9932D055}.Debug|Any CPU.Build.0 = Debug|Any CPU
		{09EBACAB-1814-4BE5-A7B2-C1CE9932D055}.Release|Any CPU.ActiveCfg = Release|Any CPU
		{09EBACAB-1814-4BE5-A7B2-C1CE9932D055}.Release|Any CPU.Build.0 = Release|Any CPU
		{6038B035-9338-46BC-946E-F7E20291B31B}.Debug|Any CPU.ActiveCfg = Debug|Any CPU
		{6038B035-9338-46BC-946E-F7E20291B31B}.Debug|Any CPU.Build.0 = Debug|Any CPU
		{6038B035-9338-46BC-946E-F7E20291B31B}.Release|Any CPU.ActiveCfg = Release|Any CPU
		{6038B035-9338-46BC-946E-F7E20291B31B}.Release|Any CPU.Build.0 = Release|Any CPU
		{8BD8F27D-F0E1-4493-BD6C-067FFF64A7AB}.Debug|Any CPU.ActiveCfg = Debug|Any CPU
		{8BD8F27D-F0E1-4493-BD6C-067FFF64A7AB}.Debug|Any CPU.Build.0 = Debug|Any CPU
		{8BD8F27D-F0E1-4493-BD6C-067FFF64A7AB}.Release|Any CPU.ActiveCfg = Release|Any CPU
		{8BD8F27D-F0E1-4493-BD6C-067FFF64A7AB}.Release|Any CPU.Build.0 = Release|Any CPU
		{B6066B4B-93C6-4A1D-81ED-B8288C3C5D9A}.Debug|Any CPU.ActiveCfg = Debug|Any CPU
		{B6066B4B-93C6-4A1D-81ED-B8288C3C5D9A}.Debug|Any CPU.Build.0 = Debug|Any CPU
		{B6066B4B-93C6-4A1D-81ED-B8288C3C5D9A}.Release|Any CPU.ActiveCfg = Release|Any CPU
		{B6066B4B-93C6-4A1D-81ED-B8288C3C5D9A}.Release|Any CPU.Build.0 = Release|Any CPU
		{CEE11629-DEC0-42AD-AAB3-5DE79A7C76CA}.Debug|Any CPU.ActiveCfg = Debug|Any CPU
		{CEE11629-DEC0-42AD-AAB3-5DE79A7C76CA}.Debug|Any CPU.Build.0 = Debug|Any CPU
		{CEE11629-DEC0-42AD-AAB3-5DE79A7C76CA}.Release|Any CPU.ActiveCfg = Release|Any CPU
		{CEE11629-DEC0-42AD-AAB3-5DE79A7C76CA}.Release|Any CPU.Build.0 = Release|Any CPU
		{F6BF1E34-857F-4687-9143-EDE6174E1C34}.Debug|Any CPU.ActiveCfg = Debug|Any CPU
		{F6BF1E34-857F-4687-9143-EDE6174E1C34}.Debug|Any CPU.Build.0 = Debug|Any CPU
		{F6BF1E34-857F-4687-9143-EDE6174E1C34}.Release|Any CPU.ActiveCfg = Release|Any CPU
		{F6BF1E34-857F-4687-9143-EDE6174E1C34}.Release|Any CPU.Build.0 = Release|Any CPU
	EndGlobalSection
	GlobalSection(SolutionProperties) = preSolution
		HideSolutionNode = FALSE
	EndGlobalSection
	GlobalSection(ExtensibilityGlobals) = postSolution
		SolutionGuid = {31934355-3188-4B30-80B9-B43E739066D9}
	EndGlobalSection
EndGlobal
